
Microsoft Visual Studio Solution File, Format Version 12.00
# Visual Studio 15
VisualStudioVersion = 15.0.28307.106
MinimumVisualStudioVersion = 10.0.40219.1
Project("{FAE04EC0-301F-11D3-BF4B-00C04F79EFBC}") = "AudioBook1", "AudioBook1\AudioBook1.csproj", "{B6EBE868-28F3-40B2-B192-03073B58DBBC}"
EndProject
Global
	GlobalSection(SolutionConfigurationPlatforms) = preSolution
		Debug|Any CPU = Debug|Any CPU
		Release|Any CPU = Release|Any CPU
	EndGlobalSection
	GlobalSection(ProjectConfigurationPlatforms) = postSolution
		{B6EBE868-28F3-40B2-B192-03073B58DBBC}.Debug|Any CPU.ActiveCfg = Debug|Any CPU
		{B6EBE868-28F3-40B2-B192-03073B58DBBC}.Debug|Any CPU.Build.0 = Debug|Any CPU
		{B6EBE868-28F3-40B2-B192-03073B58DBBC}.Release|Any CPU.ActiveCfg = Release|Any CPU
		{B6EBE868-28F3-40B2-B192-03073B58DBBC}.Release|Any CPU.Build.0 = Release|Any CPU
	EndGlobalSection
	GlobalSection(SolutionProperties) = preSolution
		HideSolutionNode = FALSE
	EndGlobalSection
	GlobalSection(ExtensibilityGlobals) = postSolution
		SolutionGuid = {6F1C8136-BF3F-4F34-B812-E36FA15A364C}
	EndGlobalSection
EndGlobal
